// !$*UTF8*$!
{
	archiveVersion = 1;
	classes = {
	};
	objectVersion = 56;
	objects = {

/* Begin PBXBuildFile section */
		4B6406092C6C226400F9FEC8 /* Document.swift in Sources */ = {isa = PBXBuildFile; fileRef = 4B6406082C6C226400F9FEC8 /* Document.swift */; };
		4B64060A2C6C226400F9FEC8 /* Document.swift in Sources */ = {isa = PBXBuildFile; fileRef = 4B6406082C6C226400F9FEC8 /* Document.swift */; };
		4B64060C2C6C4A7D00F9FEC8 /* BarFormatter.swift in Sources */ = {isa = PBXBuildFile; fileRef = 4B64060B2C6C4A7D00F9FEC8 /* BarFormatter.swift */; };
		4B64060D2C6C4A7D00F9FEC8 /* BarFormatter.swift in Sources */ = {isa = PBXBuildFile; fileRef = 4B64060B2C6C4A7D00F9FEC8 /* BarFormatter.swift */; };
		4BC3BCEC2C6B450400A1448E /* main.swift in Sources */ = {isa = PBXBuildFile; fileRef = 4BC3BCEB2C6B450400A1448E /* main.swift */; };
		4BC3BCF32C6B453C00A1448E /* Chord.swift in Sources */ = {isa = PBXBuildFile; fileRef = 4BC3BCF22C6B453C00A1448E /* Chord.swift */; };
		4BC3BCFE2C6B4EC700A1448E /* ChordProgressionTextFormatterTests.swift in Sources */ = {isa = PBXBuildFile; fileRef = 4BC3BCFD2C6B4EC700A1448E /* ChordProgressionTextFormatterTests.swift */; };
		4BC3BD022C6B4FD300A1448E /* Chord.swift in Sources */ = {isa = PBXBuildFile; fileRef = 4BC3BCF22C6B453C00A1448E /* Chord.swift */; };
		4BC3BD042C6B527100A1448E /* Bar.swift in Sources */ = {isa = PBXBuildFile; fileRef = 4BC3BD032C6B527100A1448E /* Bar.swift */; };
		4BC3BD052C6B527100A1448E /* Bar.swift in Sources */ = {isa = PBXBuildFile; fileRef = 4BC3BD032C6B527100A1448E /* Bar.swift */; };
		4BC3BD072C6B771D00A1448E /* Section.swift in Sources */ = {isa = PBXBuildFile; fileRef = 4BC3BD062C6B771D00A1448E /* Section.swift */; };
		4BC3BD082C6B771D00A1448E /* Section.swift in Sources */ = {isa = PBXBuildFile; fileRef = 4BC3BD062C6B771D00A1448E /* Section.swift */; };
		F326157C2C6BABAA00916D92 /* Line.swift in Sources */ = {isa = PBXBuildFile; fileRef = F326157B2C6BABAA00916D92 /* Line.swift */; };
		F326157D2C6BABAA00916D92 /* Line.swift in Sources */ = {isa = PBXBuildFile; fileRef = F326157B2C6BABAA00916D92 /* Line.swift */; };
/* End PBXBuildFile section */

/* Begin PBXCopyFilesBuildPhase section */
		4BC3BCE62C6B450400A1448E /* CopyFiles */ = {
			isa = PBXCopyFilesBuildPhase;
			buildActionMask = 2147483647;
			dstPath = /usr/share/man/man1/;
			dstSubfolderSpec = 0;
			files = (
			);
			runOnlyForDeploymentPostprocessing = 1;
		};
/* End PBXCopyFilesBuildPhase section */

/* Begin PBXFileReference section */
		4B6406082C6C226400F9FEC8 /* Document.swift */ = {isa = PBXFileReference; lastKnownFileType = sourcecode.swift; path = Document.swift; sourceTree = "<group>"; };
		4B64060B2C6C4A7D00F9FEC8 /* BarFormatter.swift */ = {isa = PBXFileReference; lastKnownFileType = sourcecode.swift; path = BarFormatter.swift; sourceTree = "<group>"; };
		4BC3BCE82C6B450400A1448E /* ChordProgressionTextFormatter */ = {isa = PBXFileReference; explicitFileType = "compiled.mach-o.executable"; includeInIndex = 0; path = ChordProgressionTextFormatter; sourceTree = BUILT_PRODUCTS_DIR; };
		4BC3BCEB2C6B450400A1448E /* main.swift */ = {isa = PBXFileReference; lastKnownFileType = sourcecode.swift; path = main.swift; sourceTree = "<group>"; };
		4BC3BCF22C6B453C00A1448E /* Chord.swift */ = {isa = PBXFileReference; lastKnownFileType = sourcecode.swift; path = Chord.swift; sourceTree = "<group>"; };
		4BC3BCFB2C6B4EC700A1448E /* ChordProgressionTextFormatterTests.xctest */ = {isa = PBXFileReference; explicitFileType = wrapper.cfbundle; includeInIndex = 0; path = ChordProgressionTextFormatterTests.xctest; sourceTree = BUILT_PRODUCTS_DIR; };
		4BC3BCFD2C6B4EC700A1448E /* ChordProgressionTextFormatterTests.swift */ = {isa = PBXFileReference; lastKnownFileType = sourcecode.swift; path = ChordProgressionTextFormatterTests.swift; sourceTree = "<group>"; };
		4BC3BD032C6B527100A1448E /* Bar.swift */ = {isa = PBXFileReference; lastKnownFileType = sourcecode.swift; path = Bar.swift; sourceTree = "<group>"; };
		4BC3BD062C6B771D00A1448E /* Section.swift */ = {isa = PBXFileReference; lastKnownFileType = sourcecode.swift; path = Section.swift; sourceTree = "<group>"; };
		F326157B2C6BABAA00916D92 /* Line.swift */ = {isa = PBXFileReference; lastKnownFileType = sourcecode.swift; path = Line.swift; sourceTree = "<group>"; };
/* End PBXFileReference section */

/* Begin PBXFrameworksBuildPhase section */
		4BC3BCE52C6B450400A1448E /* Frameworks */ = {
			isa = PBXFrameworksBuildPhase;
			buildActionMask = 2147483647;
			files = (
			);
			runOnlyForDeploymentPostprocessing = 0;
		};
		4BC3BCF82C6B4EC700A1448E /* Frameworks */ = {
			isa = PBXFrameworksBuildPhase;
			buildActionMask = 2147483647;
			files = (
			);
			runOnlyForDeploymentPostprocessing = 0;
		};
/* End PBXFrameworksBuildPhase section */

/* Begin PBXGroup section */
		4BC3BCDF2C6B450400A1448E = {
			isa = PBXGroup;
			children = (
				4BC3BCEA2C6B450400A1448E /* ChordProgressionTextFormatter */,
				4BC3BCFC2C6B4EC700A1448E /* ChordProgressionTextFormatterTests */,
				4BC3BCE92C6B450400A1448E /* Products */,
			);
			sourceTree = "<group>";
		};
		4BC3BCE92C6B450400A1448E /* Products */ = {
			isa = PBXGroup;
			children = (
				4BC3BCE82C6B450400A1448E /* ChordProgressionTextFormatter */,
				4BC3BCFB2C6B4EC700A1448E /* ChordProgressionTextFormatterTests.xctest */,
			);
			name = Products;
			sourceTree = "<group>";
		};
		4BC3BCEA2C6B450400A1448E /* ChordProgressionTextFormatter */ = {
			isa = PBXGroup;
			children = (
				4BC3BCEB2C6B450400A1448E /* main.swift */,
				4BC3BCF22C6B453C00A1448E /* Chord.swift */,
				4BC3BD032C6B527100A1448E /* Bar.swift */,
				4BC3BD062C6B771D00A1448E /* Section.swift */,
				F326157B2C6BABAA00916D92 /* Line.swift */,
				4B6406082C6C226400F9FEC8 /* Document.swift */,
				4B64060B2C6C4A7D00F9FEC8 /* BarFormatter.swift */,
			);
			path = ChordProgressionTextFormatter;
			sourceTree = "<group>";
		};
		4BC3BCFC2C6B4EC700A1448E /* ChordProgressionTextFormatterTests */ = {
			isa = PBXGroup;
			children = (
				4BC3BCFD2C6B4EC700A1448E /* ChordProgressionTextFormatterTests.swift */,
			);
			path = ChordProgressionTextFormatterTests;
			sourceTree = "<group>";
		};
/* End PBXGroup section */

/* Begin PBXNativeTarget section */
		4BC3BCE72C6B450400A1448E /* ChordProgressionTextFormatter */ = {
			isa = PBXNativeTarget;
			buildConfigurationList = 4BC3BCEF2C6B450400A1448E /* Build configuration list for PBXNativeTarget "ChordProgressionTextFormatter" */;
			buildPhases = (
				4BC3BCE42C6B450400A1448E /* Sources */,
				4BC3BCE52C6B450400A1448E /* Frameworks */,
				4BC3BCE62C6B450400A1448E /* CopyFiles */,
			);
			buildRules = (
			);
			dependencies = (
			);
			name = ChordProgressionTextFormatter;
			productName = ChordProgressionTextFormatter;
			productReference = 4BC3BCE82C6B450400A1448E /* ChordProgressionTextFormatter */;
			productType = "com.apple.product-type.tool";
		};
		4BC3BCFA2C6B4EC700A1448E /* ChordProgressionTextFormatterTests */ = {
			isa = PBXNativeTarget;
			buildConfigurationList = 4BC3BCFF2C6B4EC700A1448E /* Build configuration list for PBXNativeTarget "ChordProgressionTextFormatterTests" */;
			buildPhases = (
				4BC3BCF72C6B4EC700A1448E /* Sources */,
				4BC3BCF82C6B4EC700A1448E /* Frameworks */,
				4BC3BCF92C6B4EC700A1448E /* Resources */,
			);
			buildRules = (
			);
			dependencies = (
			);
			name = ChordProgressionTextFormatterTests;
			productName = ChordProgressionTextFormatterTests;
			productReference = 4BC3BCFB2C6B4EC700A1448E /* ChordProgressionTextFormatterTests.xctest */;
			productType = "com.apple.product-type.bundle.unit-test";
		};
/* End PBXNativeTarget section */

/* Begin PBXProject section */
		4BC3BCE02C6B450400A1448E /* Project object */ = {
			isa = PBXProject;
			attributes = {
				BuildIndependentTargetsInParallel = 1;
				LastSwiftUpdateCheck = 1520;
				LastUpgradeCheck = 1520;
				TargetAttributes = {
					4BC3BCE72C6B450400A1448E = {
						CreatedOnToolsVersion = 15.2;
					};
					4BC3BCFA2C6B4EC700A1448E = {
						CreatedOnToolsVersion = 15.2;
					};
				};
			};
			buildConfigurationList = 4BC3BCE32C6B450400A1448E /* Build configuration list for PBXProject "ChordProgressionTextFormatter" */;
			compatibilityVersion = "Xcode 14.0";
			developmentRegion = en;
			hasScannedForEncodings = 0;
			knownRegions = (
				en,
				Base,
			);
			mainGroup = 4BC3BCDF2C6B450400A1448E;
			productRefGroup = 4BC3BCE92C6B450400A1448E /* Products */;
			projectDirPath = "";
			projectRoot = "";
			targets = (
				4BC3BCE72C6B450400A1448E /* ChordProgressionTextFormatter */,
				4BC3BCFA2C6B4EC700A1448E /* ChordProgressionTextFormatterTests */,
			);
		};
/* End PBXProject section */

/* Begin PBXResourcesBuildPhase section */
		4BC3BCF92C6B4EC700A1448E /* Resources */ = {
			isa = PBXResourcesBuildPhase;
			buildActionMask = 2147483647;
			files = (
			);
			runOnlyForDeploymentPostprocessing = 0;
		};
/* End PBXResourcesBuildPhase section */

/* Begin PBXSourcesBuildPhase section */
		4BC3BCE42C6B450400A1448E /* Sources */ = {
			isa = PBXSourcesBuildPhase;
			buildActionMask = 2147483647;
			files = (
				4BC3BCF32C6B453C00A1448E /* Chord.swift in Sources */,
				4BC3BD072C6B771D00A1448E /* Section.swift in Sources */,
				4B6406092C6C226400F9FEC8 /* Document.swift in Sources */,
				4BC3BD042C6B527100A1448E /* Bar.swift in Sources */,
				4B64060C2C6C4A7D00F9FEC8 /* BarFormatter.swift in Sources */,
				4BC3BCEC2C6B450400A1448E /* main.swift in Sources */,
				F326157C2C6BABAA00916D92 /* Line.swift in Sources */,
			);
			runOnlyForDeploymentPostprocessing = 0;
		};
		4BC3BCF72C6B4EC700A1448E /* Sources */ = {
			isa = PBXSourcesBuildPhase;
			buildActionMask = 2147483647;
			files = (
				4BC3BD022C6B4FD300A1448E /* Chord.swift in Sources */,
				4BC3BD082C6B771D00A1448E /* Section.swift in Sources */,
				4B64060A2C6C226400F9FEC8 /* Document.swift in Sources */,
				4BC3BD052C6B527100A1448E /* Bar.swift in Sources */,
				4B64060D2C6C4A7D00F9FEC8 /* BarFormatter.swift in Sources */,
				4BC3BCFE2C6B4EC700A1448E /* ChordProgressionTextFormatterTests.swift in Sources */,
				F326157D2C6BABAA00916D92 /* Line.swift in Sources */,
			);
			runOnlyForDeploymentPostprocessing = 0;
		};
/* End PBXSourcesBuildPhase section */

/* Begin XCBuildConfiguration section */
		4BC3BCED2C6B450400A1448E /* Debug */ = {
			isa = XCBuildConfiguration;
			buildSettings = {
				ALWAYS_SEARCH_USER_PATHS = NO;
				ASSETCATALOG_COMPILER_GENERATE_SWIFT_ASSET_SYMBOL_EXTENSIONS = YES;
				CLANG_ANALYZER_NONNULL = YES;
				CLANG_ANALYZER_NUMBER_OBJECT_CONVERSION = YES_AGGRESSIVE;
				CLANG_CXX_LANGUAGE_STANDARD = "gnu++20";
				CLANG_ENABLE_MODULES = YES;
				CLANG_ENABLE_OBJC_ARC = YES;
				CLANG_ENABLE_OBJC_WEAK = YES;
				CLANG_WARN_BLOCK_CAPTURE_AUTORELEASING = YES;
				CLANG_WARN_BOOL_CONVERSION = YES;
				CLANG_WARN_COMMA = YES;
				CLANG_WARN_CONSTANT_CONVERSION = YES;
				CLANG_WARN_DEPRECATED_OBJC_IMPLEMENTATIONS = YES;
				CLANG_WARN_DIRECT_OBJC_ISA_USAGE = YES_ERROR;
				CLANG_WARN_DOCUMENTATION_COMMENTS = YES;
				CLANG_WARN_EMPTY_BODY = YES;
				CLANG_WARN_ENUM_CONVERSION = YES;
				CLANG_WARN_INFINITE_RECURSION = YES;
				CLANG_WARN_INT_CONVERSION = YES;
				CLANG_WARN_NON_LITERAL_NULL_CONVERSION = YES;
				CLANG_WARN_OBJC_IMPLICIT_RETAIN_SELF = YES;
				CLANG_WARN_OBJC_LITERAL_CONVERSION = YES;
				CLANG_WARN_OBJC_ROOT_CLASS = YES_ERROR;
				CLANG_WARN_QUOTED_INCLUDE_IN_FRAMEWORK_HEADER = YES;
				CLANG_WARN_RANGE_LOOP_ANALYSIS = YES;
				CLANG_WARN_STRICT_PROTOTYPES = YES;
				CLANG_WARN_SUSPICIOUS_MOVE = YES;
				CLANG_WARN_UNGUARDED_AVAILABILITY = YES_AGGRESSIVE;
				CLANG_WARN_UNREACHABLE_CODE = YES;
				CLANG_WARN__DUPLICATE_METHOD_MATCH = YES;
				COPY_PHASE_STRIP = NO;
				DEBUG_INFORMATION_FORMAT = dwarf;
				ENABLE_STRICT_OBJC_MSGSEND = YES;
				ENABLE_TESTABILITY = YES;
				ENABLE_USER_SCRIPT_SANDBOXING = YES;
				GCC_C_LANGUAGE_STANDARD = gnu17;
				GCC_DYNAMIC_NO_PIC = NO;
				GCC_NO_COMMON_BLOCKS = YES;
				GCC_OPTIMIZATION_LEVEL = 0;
				GCC_PREPROCESSOR_DEFINITIONS = (
					"DEBUG=1",
					"$(inherited)",
				);
				GCC_WARN_64_TO_32_BIT_CONVERSION = YES;
				GCC_WARN_ABOUT_RETURN_TYPE = YES_ERROR;
				GCC_WARN_UNDECLARED_SELECTOR = YES;
				GCC_WARN_UNINITIALIZED_AUTOS = YES_AGGRESSIVE;
				GCC_WARN_UNUSED_FUNCTION = YES;
				GCC_WARN_UNUSED_VARIABLE = YES;
				LOCALIZATION_PREFERS_STRING_CATALOGS = YES;
				MACOSX_DEPLOYMENT_TARGET = 13.6;
				MTL_ENABLE_DEBUG_INFO = INCLUDE_SOURCE;
				MTL_FAST_MATH = YES;
				ONLY_ACTIVE_ARCH = YES;
				SDKROOT = macosx;
				SWIFT_ACTIVE_COMPILATION_CONDITIONS = "DEBUG $(inherited)";
				SWIFT_OPTIMIZATION_LEVEL = "-Onone";
			};
			name = Debug;
		};
		4BC3BCEE2C6B450400A1448E /* Release */ = {
			isa = XCBuildConfiguration;
			buildSettings = {
				ALWAYS_SEARCH_USER_PATHS = NO;
				ASSETCATALOG_COMPILER_GENERATE_SWIFT_ASSET_SYMBOL_EXTENSIONS = YES;
				CLANG_ANALYZER_NONNULL = YES;
				CLANG_ANALYZER_NUMBER_OBJECT_CONVERSION = YES_AGGRESSIVE;
				CLANG_CXX_LANGUAGE_STANDARD = "gnu++20";
				CLANG_ENABLE_MODULES = YES;
				CLANG_ENABLE_OBJC_ARC = YES;
				CLANG_ENABLE_OBJC_WEAK = YES;
				CLANG_WARN_BLOCK_CAPTURE_AUTORELEASING = YES;
				CLANG_WARN_BOOL_CONVERSION = YES;
				CLANG_WARN_COMMA = YES;
				CLANG_WARN_CONSTANT_CONVERSION = YES;
				CLANG_WARN_DEPRECATED_OBJC_IMPLEMENTATIONS = YES;
				CLANG_WARN_DIRECT_OBJC_ISA_USAGE = YES_ERROR;
				CLANG_WARN_DOCUMENTATION_COMMENTS = YES;
				CLANG_WARN_EMPTY_BODY = YES;
				CLANG_WARN_ENUM_CONVERSION = YES;
				CLANG_WARN_INFINITE_RECURSION = YES;
				CLANG_WARN_INT_CONVERSION = YES;
				CLANG_WARN_NON_LITERAL_NULL_CONVERSION = YES;
				CLANG_WARN_OBJC_IMPLICIT_RETAIN_SELF = YES;
				CLANG_WARN_OBJC_LITERAL_CONVERSION = YES;
				CLANG_WARN_OBJC_ROOT_CLASS = YES_ERROR;
				CLANG_WARN_QUOTED_INCLUDE_IN_FRAMEWORK_HEADER = YES;
				CLANG_WARN_RANGE_LOOP_ANALYSIS = YES;
				CLANG_WARN_STRICT_PROTOTYPES = YES;
				CLANG_WARN_SUSPICIOUS_MOVE = YES;
				CLANG_WARN_UNGUARDED_AVAILABILITY = YES_AGGRESSIVE;
				CLANG_WARN_UNREACHABLE_CODE = YES;
				CLANG_WARN__DUPLICATE_METHOD_MATCH = YES;
				COPY_PHASE_STRIP = NO;
				DEBUG_INFORMATION_FORMAT = "dwarf-with-dsym";
				ENABLE_NS_ASSERTIONS = NO;
				ENABLE_STRICT_OBJC_MSGSEND = YES;
				ENABLE_USER_SCRIPT_SANDBOXING = YES;
				GCC_C_LANGUAGE_STANDARD = gnu17;
				GCC_NO_COMMON_BLOCKS = YES;
				GCC_WARN_64_TO_32_BIT_CONVERSION = YES;
				GCC_WARN_ABOUT_RETURN_TYPE = YES_ERROR;
				GCC_WARN_UNDECLARED_SELECTOR = YES;
				GCC_WARN_UNINITIALIZED_AUTOS = YES_AGGRESSIVE;
				GCC_WARN_UNUSED_FUNCTION = YES;
				GCC_WARN_UNUSED_VARIABLE = YES;
				LOCALIZATION_PREFERS_STRING_CATALOGS = YES;
				MACOSX_DEPLOYMENT_TARGET = 13.6;
				MTL_ENABLE_DEBUG_INFO = NO;
				MTL_FAST_MATH = YES;
				SDKROOT = macosx;
				SWIFT_COMPILATION_MODE = wholemodule;
			};
			name = Release;
		};
		4BC3BCF02C6B450400A1448E /* Debug */ = {
			isa = XCBuildConfiguration;
			buildSettings = {
				CODE_SIGN_STYLE = Automatic;
				DEVELOPMENT_TEAM = 2Z7AZ9RMWS;
				ENABLE_HARDENED_RUNTIME = YES;
				PRODUCT_NAME = "$(TARGET_NAME)";
				SWIFT_VERSION = 5.0;
			};
			name = Debug;
		};
		4BC3BCF12C6B450400A1448E /* Release */ = {
			isa = XCBuildConfiguration;
			buildSettings = {
				CODE_SIGN_STYLE = Automatic;
				DEVELOPMENT_TEAM = 2Z7AZ9RMWS;
				ENABLE_HARDENED_RUNTIME = YES;
				PRODUCT_NAME = "$(TARGET_NAME)";
				SWIFT_VERSION = 5.0;
			};
			name = Release;
		};
		4BC3BD002C6B4EC700A1448E /* Debug */ = {
			isa = XCBuildConfiguration;
			buildSettings = {
				CODE_SIGN_STYLE = Automatic;
				CURRENT_PROJECT_VERSION = 1;
				DEVELOPMENT_TEAM = 2Z7AZ9RMWS;
				GENERATE_INFOPLIST_FILE = YES;
				MARKETING_VERSION = 1.0;
				PRODUCT_BUNDLE_IDENTIFIER = com.ymck.ChordProgressionTextFormatterTests;
				PRODUCT_NAME = "$(TARGET_NAME)";
				SWIFT_EMIT_LOC_STRINGS = NO;
				SWIFT_VERSION = 5.0;
			};
			name = Debug;
		};
		4BC3BD012C6B4EC700A1448E /* Release */ = {
			isa = XCBuildConfiguration;
			buildSettings = {
				CODE_SIGN_STYLE = Automatic;
				CURRENT_PROJECT_VERSION = 1;
				DEVELOPMENT_TEAM = 2Z7AZ9RMWS;
				GENERATE_INFOPLIST_FILE = YES;
				MARKETING_VERSION = 1.0;
				PRODUCT_BUNDLE_IDENTIFIER = com.ymck.ChordProgressionTextFormatterTests;
				PRODUCT_NAME = "$(TARGET_NAME)";
				SWIFT_EMIT_LOC_STRINGS = NO;
				SWIFT_VERSION = 5.0;
			};
			name = Release;
		};
/* End XCBuildConfiguration section */

/* Begin XCConfigurationList section */
		4BC3BCE32C6B450400A1448E /* Build configuration list for PBXProject "ChordProgressionTextFormatter" */ = {
			isa = XCConfigurationList;
			buildConfigurations = (
				4BC3BCED2C6B450400A1448E /* Debug */,
				4BC3BCEE2C6B450400A1448E /* Release */,
			);
			defaultConfigurationIsVisible = 0;
			defaultConfigurationName = Release;
		};
		4BC3BCEF2C6B450400A1448E /* Build configuration list for PBXNativeTarget "ChordProgressionTextFormatter" */ = {
			isa = XCConfigurationList;
			buildConfigurations = (
				4BC3BCF02C6B450400A1448E /* Debug */,
				4BC3BCF12C6B450400A1448E /* Release */,
			);
			defaultConfigurationIsVisible = 0;
			defaultConfigurationName = Release;
		};
		4BC3BCFF2C6B4EC700A1448E /* Build configuration list for PBXNativeTarget "ChordProgressionTextFormatterTests" */ = {
			isa = XCConfigurationList;
			buildConfigurations = (
				4BC3BD002C6B4EC700A1448E /* Debug */,
				4BC3BD012C6B4EC700A1448E /* Release */,
			);
			defaultConfigurationIsVisible = 0;
			defaultConfigurationName = Release;
		};
/* End XCConfigurationList section */
	};
	rootObject = 4BC3BCE02C6B450400A1448E /* Project object */;
}
